
Microsoft Visual Studio Solution File, Format Version 12.00
# Visual Studio Version 16
VisualStudioVersion = 16.0.30011.22
MinimumVisualStudioVersion = 10.0.40219.1
Project("{FAE04EC0-301F-11D3-BF4B-00C04F79EFBC}") = "SpaceEmpires4xConsole", "SpaceEmpires4xConsole.csproj", "{C3840C9B-D14F-4479-A24B-7B65C0D1C438}"
EndProject
Global
	GlobalSection(SolutionConfigurationPlatforms) = preSolution
		Debug|Any CPU = Debug|Any CPU
		Release|Any CPU = Release|Any CPU
	EndGlobalSection
	GlobalSection(ProjectConfigurationPlatforms) = postSolution
		{C3840C9B-D14F-4479-A24B-7B65C0D1C438}.Debug|Any CPU.ActiveCfg = Debug|Any CPU
		{C3840C9B-D14F-4479-A24B-7B65C0D1C438}.Debug|Any CPU.Build.0 = Debug|Any CPU
		{C3840C9B-D14F-4479-A24B-7B65C0D1C438}.Release|Any CPU.ActiveCfg = Release|Any CPU
		{C3840C9B-D14F-4479-A24B-7B65C0D1C438}.Release|Any CPU.Build.0 = Release|Any CPU
	EndGlobalSection
	GlobalSection(SolutionProperties) = preSolution
		HideSolutionNode = FALSE
	EndGlobalSection
	GlobalSection(ExtensibilityGlobals) = postSolution
		SolutionGuid = {E4F3D378-36C8-42BA-98AA-4E1906F0B8AD}
	EndGlobalSection
EndGlobal
